# This file is automatically @generated by Poetry 2.0.1 and should not be changed by hand.

[[package]]
name = "osbot-utils"
version = "2.62.0"
description = "OWASP Security Bot - Utils"
optional = false
python-versions = "<4.0,>=3.7"
groups = ["main"]
files = [
    {file = "osbot_utils-2.62.0-py3-none-any.whl", hash = "sha256:21a439d0bf62c92f506e37b0d21b6e358b20a4dfd3807073904e741fd6553e29"},
    {file = "osbot_utils-2.62.0.tar.gz", hash = "sha256:3db82a2714ee8f6494d54a7c45ff6b05ca0225f1240a88138403850f9c0463ff"},
]

[metadata]
lock-version = "2.1"
python-versions = "^3.12"
content-hash = "a14ee3e5b3648ba0d3096f1a3767d72bfa08e1ea6a23777e94c6d7f96f84db4f"
